{
  "name": "rdf",
  "version": "1.0.0",
  "lockfileVersion": 1,
  "requires": true,
  "dependencies": {
    "n3": {
      "version": "1.2.0",
      "resolved": "https://registry.npmjs.org/n3/-/n3-1.2.0.tgz",
      "integrity": "sha512-3VZD31lRyG2JoAa7imyhAIUZbqaZk4FSsa5QenNjUhNNJKomMLcwuhAOyl+i/suT7UB2H16Ta/7tSUP+Hkq/EQ=="
    }
  }
}
